
Microsoft Visual Studio Solution File, Format Version 12.00
# Visual Studio Version 17
VisualStudioVersion = 17.13.35931.197 d17.13
MinimumVisualStudioVersion = 10.0.40219.1
Project("{FAE04EC0-301F-11D3-BF4B-00C04F79EFBC}") = "AreaOfTriangle", "AreaOfTriangle.csproj", "{289C5D54-5F94-45F2-9E29-7FF31CFA4633}"
EndProject
Global
	GlobalSection(SolutionConfigurationPlatforms) = preSolution
		Debug|Any CPU = Debug|Any CPU
		Release|Any CPU = Release|Any CPU
	EndGlobalSection
	GlobalSection(ProjectConfigurationPlatforms) = postSolution
		{289C5D54-5F94-45F2-9E29-7FF31CFA4633}.Debug|Any CPU.ActiveCfg = Debug|Any CPU
		{289C5D54-5F94-45F2-9E29-7FF31CFA4633}.Debug|Any CPU.Build.0 = Debug|Any CPU
		{289C5D54-5F94-45F2-9E29-7FF31CFA4633}.Release|Any CPU.ActiveCfg = Release|Any CPU
		{289C5D54-5F94-45F2-9E29-7FF31CFA4633}.Release|Any CPU.Build.0 = Release|Any CPU
	EndGlobalSection
	GlobalSection(SolutionProperties) = preSolution
		HideSolutionNode = FALSE
	EndGlobalSection
	GlobalSection(ExtensibilityGlobals) = postSolution
		SolutionGuid = {40C2968B-C153-48A1-97BB-67F520C53AB9}
	EndGlobalSection
EndGlobal
